{
    "_meta": {
        "hash": {
            "sha256": "6da3e169352404f1fc84fe72ca1b89443d71ac765356d19d8cc559f3589ba42d"
        },
        "pipfile-spec": 6,
        "requires": {
            "python_version": "3.7.3"
        },
        "sources": [
            {
                "name": "pypi",
                "url": "https://pypi.org/simple",
                "verify_ssl": true
            }
        ]
    },
    "default": {
        "alembic": {
            "hashes": [
                "sha256:0a024d7f2de88d738d7395ff866997314c837be6104e90c5724350313dee4da4",
                "sha256:cd0b5e45b14b706426b833f06369b9a6d5ee03f826ec3238723ce8caaf6e5ffa"
            ],
            "markers": "python_version >= '3.7'",
            "version": "==1.8.1"
        },
        "beautifulsoup4": {
            "hashes": [
                "sha256:2c264254f6cfce64c3bd9d48885208093a73b9095645f600de0a277ce01ea0e5",
                "sha256:82a253245aed9875f141dd98a7462572bca93d064cf3117bd33de4b61ee18e68",
                "sha256:87d4013d0625d4789a4f56b8d79a04d5ce6db1152bb65f1d39744f7709a366b4"
            ],
            "index": "pypi",
            "version": "==4.4.1"
        },
        "click": {
            "hashes": [
                "sha256:7682dc8afb30297001674575ea00d1814d808d6a36af415a82bd481d37ba7b8e",
                "sha256:bb4d8133cb15a609f44e8213d9b391b0809795062913b383c62be0ee95b1db48"
            ],
            "markers": "python_version >= '3.7'",
            "version": "==8.1.3"
        },
        "flask": {
            "hashes": [
                "sha256:4c83829ff83d408b5e1d4995472265411d2c414112298f2eb4b359d9e4563373"
            ],
            "index": "pypi",
            "version": "==0.10.1"
        },
        "flask-migrate": {
            "hashes": [
                "sha256:e85b06a96a25a5d917cff106386a4c1fe853a4bd2d0df31c3332f2a4788d9e5c"
            ],
            "index": "pypi",
            "version": "==1.8.0"
        },
        "flask-script": {
            "hashes": [
                "sha256:6425963d91054cfcc185807141c7314a9c5ad46325911bd24dcb489bd0161c65"
            ],
            "version": "==2.0.6"
        },
        "flask-sqlalchemy": {
            "hashes": [
                "sha256:c5244de44cc85d2267115624d83faef3f9e8f088756788694f305a5d5ad137c5"
            ],
            "index": "pypi",
            "version": "==2.1"
        },
        "greenlet": {
            "hashes": [
                "sha256:0118817c9341ef2b0f75f5af79ac377e4da6ff637e5ee4ac91802c0e379dadb4",
                "sha256:048d2bed76c2aa6de7af500ae0ea51dd2267aec0e0f2a436981159053d0bc7cc",
                "sha256:07c58e169bbe1e87b8bbf15a5c1b779a7616df9fd3e61cadc9d691740015b4f8",
                "sha256:095a980288fe05adf3d002fbb180c99bdcf0f930e220aa66fcd56e7914a38202",
                "sha256:0b181e9aa6cb2f5ec0cacc8cee6e5a3093416c841ba32c185c30c160487f0380",
                "sha256:1626185d938d7381631e48e6f7713e8d4b964be246073e1a1d15c2f061ac9f08",
                "sha256:184416e481295832350a4bf731ba619a92f5689bf5d0fa4341e98b98b1265bd7",
                "sha256:1dd51d2650e70c6c4af37f454737bf4a11e568945b27f74b471e8e2a9fd21268",
                "sha256:1ec2779774d8e42ed0440cf8bc55540175187e8e934f2be25199bf4ed948cd9e",
                "sha256:2cf45e339cabea16c07586306a31cfcc5a3b5e1626d365714d283732afed6809",
                "sha256:2fb0aa7f6996879551fd67461d5d3ab0c3c0245da98be90c89fcb7a18d437403",
                "sha256:44b4817c34c9272c65550b788913620f1fdc80362b209bc9d7dd2f40d8793080",
                "sha256:466ce0928e33421ee84ae04c4ac6f253a3a3e6b8d600a79bd43fd4403e0a7a76",
                "sha256:4f166b4aca8d7d489e82d74627a7069ab34211ef5ebb57c300ec4b9337b60fc0",
                "sha256:510c3b15587afce9800198b4b142202b323bf4b4b5f9d6c79cb9a35e5e3c30d2",
                "sha256:5b756e6730ea59b2745072e28ad27f4c837084688e6a6b3633c8b1e509e6ae0e",
                "sha256:5fbe1ab72b998ca77ceabbae63a9b2e2dc2d963f4299b9b278252ddba142d3f1",
                "sha256:6200a11f003ec26815f7e3d2ded01b43a3810be3528dd760d2f1fa777490c3cd",
                "sha256:65ad1a7a463a2a6f863661329a944a5802c7129f7ad33583dcc11069c17e622c",
                "sha256:694ffa7144fa5cc526c8f4512665003a39fa09ef00d19bbca5c8d3406db72fbe",
                "sha256:6f5d4b2280ceea76c55c893827961ed0a6eadd5a584a7c4e6e6dd7bc10dfdd96",
                "sha256:7532a46505470be30cbf1dbadb20379fb481244f1ca54207d7df3bf0bbab6a20",
                "sha256:76a53bfa10b367ee734b95988bd82a9a5f0038a25030f9f23bbbc005010ca600",
                "sha256:77e41db75f9958f2083e03e9dd39da12247b3430c92267df3af77c83d8ff9eed",
                "sha256:7a43bbfa9b6cfdfaeefbd91038dde65ea2c421dc387ed171613df340650874f2",
                "sha256:7b41d19c0cfe5c259fe6c539fd75051cd39a5d33d05482f885faf43f7f5e7d26",
                "sha256:7c5227963409551ae4a6938beb70d56bf1918c554a287d3da6853526212fbe0a",
                "sha256:870a48007872d12e95a996fca3c03a64290d3ea2e61076aa35d3b253cf34cd32",
                "sha256:88b04e12c9b041a1e0bcb886fec709c488192638a9a7a3677513ac6ba81d8e79",
                "sha256:8c287ae7ac921dfde88b1c125bd9590b7ec3c900c2d3db5197f1286e144e712b",
                "sha256:903fa5716b8fbb21019268b44f73f3748c41d1a30d71b4a49c84b642c2fed5fa",
                "sha256:9537e4baf0db67f382eb29255a03154fcd4984638303ff9baaa738b10371fa57",
                "sha256:9951dcbd37850da32b2cb6e391f621c1ee456191c6ae5528af4a34afe357c30e",
                "sha256:9b2f7d0408ddeb8ea1fd43d3db79a8cefaccadd2a812f021333b338ed6b10aba",
                "sha256:9c88e134d51d5e82315a7c32b914a58751b7353eb5268dbd02eabf020b4c4700",
                "sha256:9fae214f6c43cd47f7bef98c56919b9222481e833be2915f6857a1e9e8a15318",
                "sha256:a3a669f11289a8995d24fbfc0e63f8289dd03c9aaa0cc8f1eab31d18ca61a382",
                "sha256:aa741c1a8a8cc25eb3a3a01a62bdb5095a773d8c6a86470bde7f607a447e7905",
                "sha256:b0877a9a2129a2c56a2eae2da016743db7d9d6a05d5e1c198f1b7808c602a30e",
                "sha256:bcb6c6dd1d6be6d38d6db283747d07fda089ff8c559a835236560a4410340455",
                "sha256:caff52cb5cd7626872d9696aee5b794abe172804beb7db52eed1fd5824b63910",
                "sha256:cbc1eb55342cbac8f7ec159088d54e2cfdd5ddf61c87b8bbe682d113789331b2",
                "sha256:cd16a89efe3a003029c87ff19e9fba635864e064da646bc749fc1908a4af18f3",
                "sha256:ce5b64dfe8d0cca407d88b0ee619d80d4215a2612c1af8c98a92180e7109f4b5",
                "sha256:d58a5a71c4c37354f9e0c24c9c8321f0185f6945ef027460b809f4bb474bfe41",
                "sha256:db41f3845eb579b544c962864cce2c2a0257fe30f0f1e18e51b1e8cbb4e0ac6d",
                "sha256:db5b25265010a1b3dca6a174a443a0ed4c4ab12d5e2883a11c97d6e6d59b12f9",
                "sha256:dd0404d154084a371e6d2bafc787201612a1359c2dee688ae334f9118aa0bf47",
                "sha256:de431765bd5fe62119e0bc6bc6e7b17ac53017ae1782acf88fcf6b7eae475a49",
                "sha256:df02fdec0c533301497acb0bc0f27f479a3a63dcdc3a099ae33a902857f07477",
                "sha256:e8533f5111704d75de3139bf0b8136d3a6c1642c55c067866fa0a51c2155ee33",
                "sha256:f2f908239b7098799b8845e5936c2ccb91d8c2323be02e82f8dcb4a80dcf4a25",
                "sha256:f8bfd36f368efe0ab2a6aa3db7f14598aac454b06849fb633b762ddbede1db90",
                "sha256:ffe73f9e7aea404722058405ff24041e59d31ca23d1da0895af48050a07b6932"
            ],
            "markers": "python_version >= '3' and platform_machine == 'aarch64' or (platform_machine == 'ppc64le' or (platform_machine == 'x86_64' or (platform_machine == 'amd64' or (platform_machine == 'AMD64' or (platform_machine == 'win32' or platform_machine == 'WIN32')))))",
            "version": "==1.1.3"
        },
        "gunicorn": {
            "hashes": [
                "sha256:53b58044764ad79d732af18c580b1a54b724adf4d290ec19c4ca78ab22a1ee0d",
                "sha256:c57f1b005a4b90933303c8deed9bedeb509331aa6a0a990023a5796e52bd8988"
            ],
            "index": "pypi",
            "version": "==19.4.5"
        },
        "importlib-metadata": {
            "hashes": [
                "sha256:637245b8bab2b6502fcbc752cc4b7a6f6243bb02b31c5c26156ad103d3d45670",
                "sha256:7401a975809ea1fdc658c3aa4f78cc2195a0e019c5cbc4c06122884e9ae80c23"
            ],
            "markers": "python_version < '3.8'",
            "version": "==4.12.0"
        },
        "importlib-resources": {
            "hashes": [
                "sha256:5481e97fb45af8dcf2f798952625591c58fe599d0735d86b10f54de086a61681",
                "sha256:f78a8df21a79bcc30cfd400bdc38f314333de7c0fb619763f6b9dabab8268bb7"
            ],
            "markers": "python_version < '3.9'",
            "version": "==5.9.0"
        },
        "itsdangerous": {
            "hashes": [
                "sha256:321b033d07f2a4136d3ec762eac9f16a10ccd60f53c0c91af90217ace7ba1f19",
                "sha256:b12271b2047cb23eeb98c8b5622e2e5c5e9abd9784a153e9d8ef9cb4dd09d749"
            ],
            "index": "pypi",
            "version": "==1.1.0"
        },
        "jinja2": {
            "hashes": [
                "sha256:065c4f02ebe7f7cf559e49ee5a95fb800a9e4528727aec6f24402a5374c65013",
                "sha256:14dd6caf1527abb21f08f86c784eac40853ba93edb79552aa1e4b8aef1b61c7b"
            ],
            "index": "pypi",
            "version": "==2.10.1"
        },
        "mako": {
            "hashes": [
                "sha256:3724869b363ba630a272a5f89f68c070352137b8fd1757650017b7e06fda163f",
                "sha256:8efcb8004681b5f71d09c983ad5a9e6f5c40601a6ec469148753292abc0da534"
            ],
            "index": "pypi",
            "version": "==1.2.2"
        },
        "markupsafe": {
            "hashes": [
                "sha256:00bc623926325b26bb9605ae9eae8a215691f33cae5df11ca5424f06f2d1f473",
                "sha256:09027a7803a62ca78792ad89403b1b7a73a01c8cb65909cd876f7fcebd79b161",
                "sha256:09c4b7f37d6c648cb13f9230d847adf22f8171b1ccc4d5682398e77f40309235",
                "sha256:1027c282dad077d0bae18be6794e6b6b8c91d58ed8a8d89a89d59693b9131db5",
                "sha256:13d3144e1e340870b25e7b10b98d779608c02016d5184cfb9927a9f10c689f42",
                "sha256:195d7d2c4fbb0ee8139a6cf67194f3973a6b3042d742ebe0a9ed36d8b6f0c07f",
                "sha256:22c178a091fc6630d0d045bdb5992d2dfe14e3259760e713c490da5323866c39",
                "sha256:24982cc2533820871eba85ba648cd53d8623687ff11cbb805be4ff7b4c971aff",
                "sha256:29872e92839765e546828bb7754a68c418d927cd064fd4708fab9fe9c8bb116b",
                "sha256:2beec1e0de6924ea551859edb9e7679da6e4870d32cb766240ce17e0a0ba2014",
                "sha256:3b8a6499709d29c2e2399569d96719a1b21dcd94410a586a18526b143ec8470f",
                "sha256:43a55c2930bbc139570ac2452adf3d70cdbb3cfe5912c71cdce1c2c6bbd9c5d1",
                "sha256:46c99d2de99945ec5cb54f23c8cd5689f6d7177305ebff350a58ce5f8de1669e",
                "sha256:500d4957e52ddc3351cabf489e79c91c17f6e0899158447047588650b5e69183",
                "sha256:535f6fc4d397c1563d08b88e485c3496cf5784e927af890fb3c3aac7f933ec66",
                "sha256:596510de112c685489095da617b5bcbbac7dd6384aeebeda4df6025d0256a81b",
                "sha256:62fe6c95e3ec8a7fad637b7f3d372c15ec1caa01ab47926cfdf7a75b40e0eac1",
                "sha256:6788b695d50a51edb699cb55e35487e430fa21f1ed838122d722e0ff0ac5ba15",
                "sha256:6dd73240d2af64df90aa7c4e7481e23825ea70af4b4922f8ede5b9e35f78a3b1",
                "sha256:6f1e273a344928347c1290119b493a1f0303c52f5a5eae5f16d74f48c15d4a85",
                "sha256:6fffc775d90dcc9aed1b89219549b329a9250d918fd0b8fa8d93d154918422e1",
                "sha256:717ba8fe3ae9cc0006d7c451f0bb265ee07739daf76355d06366154ee68d221e",
                "sha256:79855e1c5b8da654cf486b830bd42c06e8780cea587384cf6545b7d9ac013a0b",
                "sha256:7c1699dfe0cf8ff607dbdcc1e9b9af1755371f92a68f706051cc8c37d447c905",
                "sha256:7fed13866cf14bba33e7176717346713881f56d9d2bcebab207f7a036f41b850",
                "sha256:84dee80c15f1b560d55bcfe6d47b27d070b4681c699c572af2e3c7cc90a3b8e0",
                "sha256:88e5fcfb52ee7b911e8bb6d6aa2fd21fbecc674eadd44118a9cc3863f938e735",
                "sha256:8defac2f2ccd6805ebf65f5eeb132adcf2ab57aa11fdf4c0dd5169a004710e7d",
                "sha256:98bae9582248d6cf62321dcb52aaf5d9adf0bad3b40582925ef7c7f0ed85fceb",
                "sha256:98c7086708b163d425c67c7a91bad6e466bb99d797aa64f965e9d25c12111a5e",
                "sha256:9add70b36c5666a2ed02b43b335fe19002ee5235efd4b8a89bfcf9005bebac0d",
                "sha256:9bf40443012702a1d2070043cb6291650a0841ece432556f784f004937f0f32c",
                "sha256:a6a744282b7718a2a62d2ed9d993cad6f5f585605ad352c11de459f4108df0a1",
                "sha256:acf08ac40292838b3cbbb06cfe9b2cb9ec78fce8baca31ddb87aaac2e2dc3bc2",
                "sha256:ade5e387d2ad0d7ebf59146cc00c8044acbd863725f887353a10df825fc8ae21",
                "sha256:b00c1de48212e4cc9603895652c5c410df699856a2853135b3967591e4beebc2",
                "sha256:b1282f8c00509d99fef04d8ba936b156d419be841854fe901d8ae224c59f0be5",
                "sha256:b1dba4527182c95a0db8b6060cc98ac49b9e2f5e64320e2b56e47cb2831978c7",
                "sha256:b2051432115498d3562c084a49bba65d97cf251f5a331c64a12ee7e04dacc51b",
                "sha256:b7d644ddb4dbd407d31ffb699f1d140bc35478da613b441c582aeb7c43838dd8",
                "sha256:ba59edeaa2fc6114428f1637ffff42da1e311e29382d81b339c1817d37ec93c6",
                "sha256:bf5aa3cbcfdf57fa2ee9cd1822c862ef23037f5c832ad09cfea57fa846dec193",
                "sha256:c8716a48d94b06bb3b2524c2b77e055fb313aeb4ea620c8dd03a105574ba704f",
                "sha256:caabedc8323f1e93231b52fc32bdcde6db817623d33e100708d9a68e1f53b26b",
                "sha256:cd5df75523866410809ca100dc9681e301e3c27567cf498077e8551b6d20e42f",
                "sha256:cdb132fc825c38e1aeec2c8aa9338310d29d337bebbd7baa06889d09a60a1fa2",
                "sha256:d53bc011414228441014aa71dbec320c66468c1030aae3a6e29778a3382d96e5",
                "sha256:d73a845f227b0bfe8a7455ee623525ee656a9e2e749e4742706d80a6065d5e2c",
                "sha256:d9be0ba6c527163cbed5e0857c451fcd092ce83947944d6c14bc95441203f032",
                "sha256:e249096428b3ae81b08327a63a485ad0878de3fb939049038579ac0ef61e17e7",
                "sha256:e8313f01ba26fbbe36c7be1966a7b7424942f670f38e666995b88d012765b9be",
                "sha256:feb7b34d6325451ef96bc0e36e1a6c0c1c64bc1fbec4b854f4529e51887b1621"
            ],
            "index": "pypi",
            "version": "==1.1.1"
        },
        "nltk": {
            "hashes": [
                "sha256:2f72dd8b9336702e3b16e095ac1f1fa6d36e0ab1929f167fb31bd5ac04061eca",
                "sha256:ae77e22bc4918cc2f970f70694d2f7c978aa4bddd1bea01b19bb9fa5cb4a10b8",
                "sha256:cdbf05a212c5ac8ad2fe0eb65a5399ec6979f97206ddfac5e358a0feecec60bc"
            ],
            "index": "pypi",
            "version": "==3.2"
        },
        "psycopg2": {
            "hashes": [
                "sha256:076351ed3c3b36ea147d456b3eb568be0ec89a29b000349d5b6d8e3e3026f49e",
                "sha256:11b5e4f9d1e7e742d6a953e70d19ac5a12db5dc539db929657df676ec475b435",
                "sha256:23198892998282d06884897dcb7561c043371c2b33118f1d12c0abbe1d7fd1d5",
                "sha256:25c843b5ba383820a027603f3ef7b4d9854602d325295cd82bded15b33b762c9",
                "sha256:3474c77a657fc2344f415ac0b5dc053ee0b3cdc84bbcc7cfc8047604b981febc",
                "sha256:4460dc9d0132db3483fcedd4f2fb30475fd89a98b9cd563f6ad1dabd59247845",
                "sha256:45dd9b3f08e327f23f5e70075738a69f4851c83e91b90b9fe3fe873de8c4e953",
                "sha256:58041e8372f077ed4dd37029e6988b2f0859e520d3949a90c4d6456ec47f7c75",
                "sha256:5e1d71b33e1712ab691988cd8d8866196e981fd3e353e01ff4604c437b338c75",
                "sha256:6f3b5bf74396800738f8c15e6cecf7ce64d0e59f80e1ca5fe5ceedbcdeaac5ed",
                "sha256:6ff610d8a5f44f28c27191cbc9025e4a6f8922dbb99b9d3ef0779b9c5ca164d6",
                "sha256:707b40dc972223880364fce6eaa42e8fd7946f636e91fc7ccf65beb149e9a489",
                "sha256:72448b57b82ece42a7f6c1c50a5ca27c0521f9e31b5d3621d19b2d9434debb32",
                "sha256:7d8e4c2639a693a3b87942596a68b2cfc6cfbd66c0997b1adb7b8828bde6c1b7",
                "sha256:84cb4591cd8a1238ddabcf8b066d3179fb2e2296679b720e8272f267d9137783",
                "sha256:868a251a32f46c2615e034541bf61944b810ba66a2a8efeef7fbeb35d20ba246",
                "sha256:87c950f463a11341af2228bc4173d4c47dce2e4d4b9282715b923c8d90b7547d",
                "sha256:8cdfef6ca3359f66418c84778506e431fd02a0a4cee10c8f54affef141d9a37f",
                "sha256:8e875e864876bf69879221746bacc3479cd5db26245bac4c3b2f9622ee6ac52f",
                "sha256:96c08e0d72a1dd7a9314636351a3ed8bdcdf332ec8414da93e81c2cb747ca62d",
                "sha256:99b02d34029d163344490212ebd7987b75a18349f5e1925ea77a1e77dd700c12",
                "sha256:ab4f2a7d9c43c65ea62f28f549079d3f5f5d5ca54eafb552c765537718a8dbd4",
                "sha256:ac8d1231aae6b6849e732e8d021a5f93fa9d8d8bac02c663797a9e6c5ac1607d",
                "sha256:c946dd53fd39427051e72707146643660f017388641b9daa2d316fe45af06551",
                "sha256:ceadecf660ad4f7a31ea5baef30a7351add8626f9fd3daaafabb9a9e549f3f9a",
                "sha256:da8475270687816c500a5874e14b25e120c2e9711dc6f7cf697af6bda31ab741",
                "sha256:e0313fb08c883ebc772d11c9ecf0b4ecf8946a37ed6fb3d2b6ad96f833a1af2b",
                "sha256:e452672f74f8d4540da0b9df4d50cd26109f05e2ed35015bb0ffe6a0f08e730e",
                "sha256:ebabc4ab0bd3fb4e4644cfe5c11c3ba22991ce1c6d40b4755a5f3f144e97e822",
                "sha256:ec26d70bc9e5be78334f3df474bb852e078b80d2ac44a069a925f4333a432cc9",
                "sha256:f50d0df01a1fe2c0b8e8d74c9eb8f636d09ccea4c7f50eb267eb117bd33b8516"
            ],
            "index": "pypi",
            "version": "==2.7"
        },
        "redis": {
            "hashes": [
                "sha256:5dfbae6acfc54edf0a7a415b99e0b21c0a3c27a7f787b292eea727b1facc5533",
                "sha256:97156b37d7cda4e7d8658be1148c983984e1a975090ba458cc7e244025191dbd"
            ],
            "index": "pypi",
            "version": "==2.10.5"
        },
        "requests": {
            "hashes": [
                "sha256:113fbba5531a9e34945b7d36b33a084e8ba5d0664b703c81a7c572d91919a5b8",
                "sha256:c577815dd00f1394203fc44eb979724b098f88264a9ef898ee45b8e5e9cf587f"
            ],
            "index": "pypi",
            "version": "==2.9.1"
        },
        "rq": {
            "hashes": [
                "sha256:3f03f08ab533f93ee896f8c4a968f98d9fa1a627a570aebacc1db326fdb57bb2",
                "sha256:e618af1dc85f3b5ed6bc14ae3dd98dd5723cc0447e9c5a377a439050a764263a"
            ],
            "index": "pypi",
            "version": "==0.5.6"
        },
        "sqlalchemy": {
            "hashes": [
                "sha256:0002e829142b2af00b4eaa26c51728f3ea68235f232a2e72a9508a3116bd6ed0",
                "sha256:0005bd73026cd239fc1e8ccdf54db58b6193be9a02b3f0c5983808f84862c767",
                "sha256:0292f70d1797e3c54e862e6f30ae474014648bc9c723e14a2fda730adb0a9791",
                "sha256:036d8472356e1d5f096c5e0e1a7e0f9182140ada3602f8fff6b7329e9e7cfbcd",
                "sha256:05f0de3a1dc3810a776275763764bb0015a02ae0f698a794646ebc5fb06fad33",
                "sha256:0990932f7cca97fece8017414f57fdd80db506a045869d7ddf2dda1d7cf69ecc",
                "sha256:13e397a9371ecd25573a7b90bd037db604331cf403f5318038c46ee44908c44d",
                "sha256:14576238a5f89bcf504c5f0a388d0ca78df61fb42cb2af0efe239dc965d4f5c9",
                "sha256:199a73c31ac8ea59937cc0bf3dfc04392e81afe2ec8a74f26f489d268867846c",
                "sha256:2082a2d2fca363a3ce21cfa3d068c5a1ce4bf720cf6497fb3a9fc643a8ee4ddd",
                "sha256:22ff16cedab5b16a0db79f1bc99e46a6ddececb60c396562e50aab58ddb2871c",
                "sha256:2307495d9e0ea00d0c726be97a5b96615035854972cc538f6e7eaed23a35886c",
                "sha256:2ad2b727fc41c7f8757098903f85fafb4bf587ca6605f82d9bf5604bd9c7cded",
                "sha256:2d6495f84c4fd11584f34e62f9feec81bf373787b3942270487074e35cbe5330",
                "sha256:361f6b5e3f659e3c56ea3518cf85fbdae1b9e788ade0219a67eeaaea8a4e4d2a",
                "sha256:3e2ef592ac3693c65210f8b53d0edcf9f4405925adcfc031ff495e8d18169682",
                "sha256:4676d51c9f6f6226ae8f26dc83ec291c088fe7633269757d333978df78d931ab",
                "sha256:4ba7e122510bbc07258dc42be6ed45997efdf38129bde3e3f12649be70683546",
                "sha256:5102fb9ee2c258a2218281adcb3e1918b793c51d6c2b4666ce38c35101bb940e",
                "sha256:5323252be2bd261e0aa3f33cb3a64c45d76829989fa3ce90652838397d84197d",
                "sha256:58bb65b3274b0c8a02cea9f91d6f44d0da79abc993b33bdedbfec98c8440175a",
                "sha256:59bdc291165b6119fc6cdbc287c36f7f2859e6051dd923bdf47b4c55fd2f8bd0",
                "sha256:5facb7fd6fa8a7353bbe88b95695e555338fb038ad19ceb29c82d94f62775a05",
                "sha256:639e1ae8d48b3c86ffe59c0daa9a02e2bfe17ca3d2b41611b30a0073937d4497",
                "sha256:8eb8897367a21b578b26f5713833836f886817ee2ffba1177d446fa3f77e67c8",
                "sha256:90484a2b00baedad361402c257895b13faa3f01780f18f4a104a2f5c413e4536",
                "sha256:9c56e19780cd1344fcd362fd6265a15f48aa8d365996a37fab1495cae8fcd97d",
                "sha256:b67fc780cfe2b306180e56daaa411dd3186bf979d50a6a7c2a5b5036575cbdbb",
                "sha256:c0dcf127bb99458a9d211e6e1f0f3edb96c874dd12f2503d4d8e4f1fd103790b",
                "sha256:c23d64a0b28fc78c96289ffbd0d9d1abd48d267269b27f2d34e430ea73ce4b26",
                "sha256:ccfd238f766a5bb5ee5545a62dd03f316ac67966a6a658efb63eeff8158a4bbf",
                "sha256:cd767cf5d7252b1c88fcfb58426a32d7bd14a7e4942497e15b68ff5d822b41ad",
                "sha256:ce8feaa52c1640de9541eeaaa8b5fb632d9d66249c947bb0d89dd01f87c7c288",
                "sha256:d2e054aed4645f9b755db85bc69fc4ed2c9020c19c8027976f66576b906a74f1",
                "sha256:e16c2be5cb19e2c08da7bd3a87fed2a0d4e90065ee553a940c4fc1a0fb1ab72b",
                "sha256:e4b12e3d88a8fffd0b4ca559f6d4957ed91bd4c0613a4e13846ab8729dc5c251",
                "sha256:e570cfc40a29d6ad46c9aeaddbdcee687880940a3a327f2c668dd0e4ef0a441d",
                "sha256:eb30cf008850c0a26b72bd1b9be6730830165ce049d239cfdccd906f2685f892",
                "sha256:f37fa70d95658763254941ddd30ecb23fc4ec0c5a788a7c21034fc2305dab7cc",
                "sha256:f5ebeeec5c14533221eb30bad716bc1fd32f509196318fb9caa7002c4a364e4c",
                "sha256:f5fa526d027d804b1f85cdda1eb091f70bde6fb7d87892f6dd5a48925bc88898"
            ],
            "markers": "python_version >= '2.7' and python_version not in '3.0, 3.1, 3.2, 3.3, 3.4, 3.5'",
            "version": "==1.4.41"
        },
        "stop-words": {
            "hashes": [
                "sha256:6df3ad5f5de697daa437e4445c86c73604e6bc138dd0dc0fac55664aa4e6b03e"
            ],
            "index": "pypi",
            "version": "==2018.7.23"
        },
        "typing-extensions": {
            "hashes": [
                "sha256:25642c956049920a5aa49edcdd6ab1e06d7e5d467fc00e0506c44ac86fbfca02",
                "sha256:e6d2677a32f47fc7eb2795db1dd15c1f34eff616bcaf2cfb5e997f854fa1c4a6"
            ],
            "markers": "python_version < '3.8'",
            "version": "==4.3.0"
        },
        "werkzeug": {
            "hashes": [
                "sha256:87ae4e5b5366da2347eb3116c0e6c681a0e939a33b2805e2c0cbd282664932c4",
                "sha256:a13b74dd3c45f758d4ebdb224be8f1ab8ef58b3c0ffc1783a8c7d9f4f50227e6"
            ],
            "index": "pypi",
            "version": "==0.15.5"
        },
        "zipp": {
            "hashes": [
                "sha256:05b45f1ee8f807d0cc928485ca40a07cb491cf092ff587c0df9cb1fd154848d2",
                "sha256:47c40d7fe183a6f21403a199b3e4192cca5774656965b0a4988ad2f8feb5f009"
            ],
            "markers": "python_version >= '3.7'",
            "version": "==3.8.1"
        }
    },
    "develop": {}
}
